
Microsoft Visual Studio Solution File, Format Version 12.00
# Visual Studio Version 17
VisualStudioVersion = 17.10.35122.118
MinimumVisualStudioVersion = 10.0.40219.1
Project("{FAE04EC0-301F-11D3-BF4B-00C04F79EFBC}") = "NZWalk", "NZWalk\NZWalk.csproj", "{9C2E7AE6-A433-4AA4-BFC0-9FD485257BB4}"
EndProject
Global
	GlobalSection(SolutionConfigurationPlatforms) = preSolution
		Debug|Any CPU = Debug|Any CPU
		Release|Any CPU = Release|Any CPU
	EndGlobalSection
	GlobalSection(ProjectConfigurationPlatforms) = postSolution
		{9C2E7AE6-A433-4AA4-BFC0-9FD485257BB4}.Debug|Any CPU.ActiveCfg = Debug|Any CPU
		{9C2E7AE6-A433-4AA4-BFC0-9FD485257BB4}.Debug|Any CPU.Build.0 = Debug|Any CPU
		{9C2E7AE6-A433-4AA4-BFC0-9FD485257BB4}.Release|Any CPU.ActiveCfg = Release|Any CPU
		{9C2E7AE6-A433-4AA4-BFC0-9FD485257BB4}.Release|Any CPU.Build.0 = Release|Any CPU
	EndGlobalSection
	GlobalSection(SolutionProperties) = preSolution
		HideSolutionNode = FALSE
	EndGlobalSection
	GlobalSection(ExtensibilityGlobals) = postSolution
		SolutionGuid = {54EB0DD3-B1A4-4FD6-A5C3-F7BCC53158F7}
	EndGlobalSection
EndGlobal
